
Microsoft Visual Studio Solution File, Format Version 12.00
# Visual Studio Version 17
VisualStudioVersion = 17.8.34525.116
MinimumVisualStudioVersion = 10.0.40219.1
Project("{FAE04EC0-301F-11D3-BF4B-00C04F79EFBC}") = "MiniProject3", "MiniProject3\MiniProject3.csproj", "{6587D5D9-C9A1-4904-A6BD-B583DA4973F7}"
EndProject
Global
	GlobalSection(SolutionConfigurationPlatforms) = preSolution
		Debug|Any CPU = Debug|Any CPU
		Release|Any CPU = Release|Any CPU
	EndGlobalSection
	GlobalSection(ProjectConfigurationPlatforms) = postSolution
		{6587D5D9-C9A1-4904-A6BD-B583DA4973F7}.Debug|Any CPU.ActiveCfg = Debug|Any CPU
		{6587D5D9-C9A1-4904-A6BD-B583DA4973F7}.Debug|Any CPU.Build.0 = Debug|Any CPU
		{6587D5D9-C9A1-4904-A6BD-B583DA4973F7}.Release|Any CPU.ActiveCfg = Release|Any CPU
		{6587D5D9-C9A1-4904-A6BD-B583DA4973F7}.Release|Any CPU.Build.0 = Release|Any CPU
	EndGlobalSection
	GlobalSection(SolutionProperties) = preSolution
		HideSolutionNode = FALSE
	EndGlobalSection
	GlobalSection(ExtensibilityGlobals) = postSolution
		SolutionGuid = {C525FC42-AA5F-4B0B-A2BD-939B151B039C}
	EndGlobalSection
EndGlobal
